
Microsoft Visual Studio Solution File, Format Version 12.00
# Visual Studio 15
VisualStudioVersion = 15.0.27703.2047
MinimumVisualStudioVersion = 10.0.40219.1
Project("{9A19103F-16F7-4668-BE54-9A1E7A4F7556}") = "OnlineEnterprise.Data", "OnlineEnterprice.Data\OnlineEnterprise.Data.csproj", "{8D4D0793-BF41-432A-9F7F-DC54262C4130}"
EndProject
Project("{9A19103F-16F7-4668-BE54-9A1E7A4F7556}") = "OnlineEnterprise.Domain", "OnlineEnterprice.Domain\OnlineEnterprise.Domain.csproj", "{0B4E7F03-1D27-452A-9E63-1CBC2706894C}"
EndProject
Project("{9A19103F-16F7-4668-BE54-9A1E7A4F7556}") = "OnlineEnterprise.Tests", "OnlineEnterprise.Tests\OnlineEnterprise.Tests.csproj", "{6E7B35D1-3626-4594-BB8D-FE9A02BE6B94}"
EndProject
Project("{9A19103F-16F7-4668-BE54-9A1E7A4F7556}") = "OnlineEnterpriseProducts.Web", "OnlineEnterpriseProducts.Web\OnlineEnterpriseProducts.Web.csproj", "{E7AFCD7D-2777-4109-993C-A9CAB87BF2FB}"
EndProject
Project("{9A19103F-16F7-4668-BE54-9A1E7A4F7556}") = "OnlineEnterpriseCategories.Web", "OnlineEnterpriseCategories.Web\OnlineEnterpriseCategories.Web.csproj", "{1187E6DD-01F3-4074-8890-1214329EB14B}"
EndProject
Project("{9A19103F-16F7-4668-BE54-9A1E7A4F7556}") = "OnlineEnterpriseOrders.Web", "OnlineEnterpriseOrders.Web\OnlineEnterpriseOrders.Web.csproj", "{69E8EE0D-7FD5-4971-A3BB-9CF8316475F4}"
EndProject
Project("{E53339B2-1760-4266-BCC7-CA923CBCF16C}") = "docker-compose", "docker-compose.dcproj", "{76000C44-5873-4FFB-83EE-067EAFC28A39}"
EndProject
Project("{FAE04EC0-301F-11D3-BF4B-00C04F79EFBC}") = "OnlineEnterprise.IdentityServer", "OnlineEnterprise.IdentityServer\OnlineEnterprise.IdentityServer.csproj", "{6C3E7840-A3FB-4CA9-8A02-3E895E4D4C0A}"
EndProject
Global
	GlobalSection(SolutionConfigurationPlatforms) = preSolution
		Debug|Any CPU = Debug|Any CPU
		Release|Any CPU = Release|Any CPU
	EndGlobalSection
	GlobalSection(ProjectConfigurationPlatforms) = postSolution
		{8D4D0793-BF41-432A-9F7F-DC54262C4130}.Debug|Any CPU.ActiveCfg = Debug|Any CPU
		{8D4D0793-BF41-432A-9F7F-DC54262C4130}.Debug|Any CPU.Build.0 = Debug|Any CPU
		{8D4D0793-BF41-432A-9F7F-DC54262C4130}.Release|Any CPU.ActiveCfg = Release|Any CPU
		{8D4D0793-BF41-432A-9F7F-DC54262C4130}.Release|Any CPU.Build.0 = Release|Any CPU
		{0B4E7F03-1D27-452A-9E63-1CBC2706894C}.Debug|Any CPU.ActiveCfg = Debug|Any CPU
		{0B4E7F03-1D27-452A-9E63-1CBC2706894C}.Debug|Any CPU.Build.0 = Debug|Any CPU
		{0B4E7F03-1D27-452A-9E63-1CBC2706894C}.Release|Any CPU.ActiveCfg = Release|Any CPU
		{0B4E7F03-1D27-452A-9E63-1CBC2706894C}.Release|Any CPU.Build.0 = Release|Any CPU
		{6E7B35D1-3626-4594-BB8D-FE9A02BE6B94}.Debug|Any CPU.ActiveCfg = Debug|Any CPU
		{6E7B35D1-3626-4594-BB8D-FE9A02BE6B94}.Debug|Any CPU.Build.0 = Debug|Any CPU
		{6E7B35D1-3626-4594-BB8D-FE9A02BE6B94}.Release|Any CPU.ActiveCfg = Release|Any CPU
		{6E7B35D1-3626-4594-BB8D-FE9A02BE6B94}.Release|Any CPU.Build.0 = Release|Any CPU
		{E7AFCD7D-2777-4109-993C-A9CAB87BF2FB}.Debug|Any CPU.ActiveCfg = Debug|Any CPU
		{E7AFCD7D-2777-4109-993C-A9CAB87BF2FB}.Debug|Any CPU.Build.0 = Debug|Any CPU
		{E7AFCD7D-2777-4109-993C-A9CAB87BF2FB}.Release|Any CPU.ActiveCfg = Release|Any CPU
		{E7AFCD7D-2777-4109-993C-A9CAB87BF2FB}.Release|Any CPU.Build.0 = Release|Any CPU
		{1187E6DD-01F3-4074-8890-1214329EB14B}.Debug|Any CPU.ActiveCfg = Debug|Any CPU
		{1187E6DD-01F3-4074-8890-1214329EB14B}.Debug|Any CPU.Build.0 = Debug|Any CPU
		{1187E6DD-01F3-4074-8890-1214329EB14B}.Release|Any CPU.ActiveCfg = Release|Any CPU
		{1187E6DD-01F3-4074-8890-1214329EB14B}.Release|Any CPU.Build.0 = Release|Any CPU
		{69E8EE0D-7FD5-4971-A3BB-9CF8316475F4}.Debug|Any CPU.ActiveCfg = Debug|Any CPU
		{69E8EE0D-7FD5-4971-A3BB-9CF8316475F4}.Debug|Any CPU.Build.0 = Debug|Any CPU
		{69E8EE0D-7FD5-4971-A3BB-9CF8316475F4}.Release|Any CPU.ActiveCfg = Release|Any CPU
		{69E8EE0D-7FD5-4971-A3BB-9CF8316475F4}.Release|Any CPU.Build.0 = Release|Any CPU
		{76000C44-5873-4FFB-83EE-067EAFC28A39}.Debug|Any CPU.ActiveCfg = Debug|Any CPU
		{76000C44-5873-4FFB-83EE-067EAFC28A39}.Debug|Any CPU.Build.0 = Debug|Any CPU
		{76000C44-5873-4FFB-83EE-067EAFC28A39}.Release|Any CPU.ActiveCfg = Release|Any CPU
		{76000C44-5873-4FFB-83EE-067EAFC28A39}.Release|Any CPU.Build.0 = Release|Any CPU
		{6C3E7840-A3FB-4CA9-8A02-3E895E4D4C0A}.Debug|Any CPU.ActiveCfg = Debug|Any CPU
		{6C3E7840-A3FB-4CA9-8A02-3E895E4D4C0A}.Debug|Any CPU.Build.0 = Debug|Any CPU
		{6C3E7840-A3FB-4CA9-8A02-3E895E4D4C0A}.Release|Any CPU.ActiveCfg = Release|Any CPU
		{6C3E7840-A3FB-4CA9-8A02-3E895E4D4C0A}.Release|Any CPU.Build.0 = Release|Any CPU
	EndGlobalSection
	GlobalSection(SolutionProperties) = preSolution
		HideSolutionNode = FALSE
	EndGlobalSection
	GlobalSection(ExtensibilityGlobals) = postSolution
		SolutionGuid = {029918F6-1BA7-4A55-B04D-1CC0BB38BCD3}
	EndGlobalSection
EndGlobal
